// !$*UTF8*$!
{
	archiveVersion = 1;
	classes = {
	};
	objectVersion = 77;
	objects = {

/* Begin PBXBuildFile section */
		034FD04EE405439249FC0948 /* InlineFormat.swift in Sources */ = {isa = PBXBuildFile; fileRef = FC6038B188BAD0F00C4C3A37 /* InlineFormat.swift */; };
		04B88B97E7D4AD2D71D04B56 /* AppState.swift in Sources */ = {isa = PBXBuildFile; fileRef = 02E0AD425028C54DA43FBAF2 /* AppState.swift */; };
		052E2A41BCE5F1B4C2EE18C3 /* BookmarkManager.swift in Sources */ = {isa = PBXBuildFile; fileRef = BF9F6779061DEC6ABEE4EA80 /* BookmarkManager.swift */; };
		06A80BE290DA03412C799988 /* CursorOverlay.swift in Sources */ = {isa = PBXBuildFile; fileRef = A23CA420DCFF484E82E2D085 /* CursorOverlay.swift */; };
		06BD596CF426E5A30E34C8A3 /* SidebarView.swift in Sources */ = {isa = PBXBuildFile; fileRef = DFC215D27B8F17D618D8F621 /* SidebarView.swift */; };
		06D203D8F4235DBAE83BD9F5 /* AppCommands.swift in Sources */ = {isa = PBXBuildFile; fileRef = EB47E164976435B107CBA01A /* AppCommands.swift */; };
		0C11BC978C0AC465CEF3F00D /* Document.swift in Sources */ = {isa = PBXBuildFile; fileRef = 7EAC4D2FF9957A0B5B7ADD4F /* Document.swift */; };
		0E8D660F053A30CD666A5E0B /* MarkdownHighlighter.swift in Sources */ = {isa = PBXBuildFile; fileRef = 34A49F79004F6AB77155AEF3 /* MarkdownHighlighter.swift */; };
		16FB708BF8ED3655BE54E996 /* AuthManager.swift in Sources */ = {isa = PBXBuildFile; fileRef = EE541CE0E737A5D92F45B6CC /* AuthManager.swift */; };
		1E4BA324EC7042889E01C6C7 /* EditorToolbar.swift in Sources */ = {isa = PBXBuildFile; fileRef = 561567BD763B9EC2D5E37FF6 /* EditorToolbar.swift */; };
		2998C3B24316E677269A288F /* Info.plist in Resources */ = {isa = PBXBuildFile; fileRef = 50A018673EE6BD9C50F1EFA0 /* Info.plist */; };
		2CA87F94E7A0F71BD8853CCA /* FuzzyMatch.swift in Sources */ = {isa = PBXBuildFile; fileRef = 9416F2D0C48C508EEEBB010D /* FuzzyMatch.swift */; };
		2EC846F3D6B3EC6FBFEDA2E1 /* TabItem.swift in Sources */ = {isa = PBXBuildFile; fileRef = C064F316C858865181958654 /* TabItem.swift */; };
		302750973A25D24F917F0603 /* AIAssistantView.swift in Sources */ = {isa = PBXBuildFile; fileRef = 40CD2EC6B3BC0068292DB333 /* AIAssistantView.swift */; };
		36764F591AC74118979DCB36 /* DatabaseProvider.swift in Sources */ = {isa = PBXBuildFile; fileRef = 8D5E3FFF2712015049FC6DCC /* DatabaseProvider.swift */; };
		3EB3D8D4AACBF1C0A5DDDB23 /* MarkdownSerializer.swift in Sources */ = {isa = PBXBuildFile; fileRef = 4B424C4D5C2626825836BC4E /* MarkdownSerializer.swift */; };
		4B51B9DBF94A8DC1D0A221AA /* VaultPickerView.swift in Sources */ = {isa = PBXBuildFile; fileRef = 0119623D677BB3487188F079 /* VaultPickerView.swift */; };
		4E729C7A6498B4679C8D2C42 /* GRDB in Frameworks */ = {isa = PBXBuildFile; productRef = 6F2D7723BD330EE8AA9F4DF7 /* GRDB */; };
		53F932A933A793F4DC0A8C5E /* ContentView.swift in Sources */ = {isa = PBXBuildFile; fileRef = A3B5474F3D2737AD40111353 /* ContentView.swift */; };
		54CC339C83A7B7DA59BE865C /* SettingsView.swift in Sources */ = {isa = PBXBuildFile; fileRef = E41055B9C21B06C4646DD7E4 /* SettingsView.swift */; };
		55EFD28E95A66EF7F685D791 /* MarkdownEditorField.swift in Sources */ = {isa = PBXBuildFile; fileRef = BECF4978DF030A64E41D5D39 /* MarkdownEditorField.swift */; };
		5CFBD85B655F5BCAA846D2A4 /* OnyxTheme.swift in Sources */ = {isa = PBXBuildFile; fileRef = 9C3F384D4F6AE917D6754E36 /* OnyxTheme.swift */; };
		612C973F9E92A37B2AEE206A /* DatabaseObservation.swift in Sources */ = {isa = PBXBuildFile; fileRef = 92EBEEC43EDE43493FF865B4 /* DatabaseObservation.swift */; };
		67BEB95E6D80EB9304534136 /* ProfileManager.swift in Sources */ = {isa = PBXBuildFile; fileRef = DCB8A0BBE01D0C3218800A2C /* ProfileManager.swift */; };
		68EE5495435A82E20248EBC2 /* GRDBQuery in Frameworks */ = {isa = PBXBuildFile; productRef = 9BA4B8644549D44A04E30F2F /* GRDBQuery */; };
		6C004EE37F9724802565B1E1 /* Project.swift in Sources */ = {isa = PBXBuildFile; fileRef = BBA26E4F790EFA3EAA96CDF6 /* Project.swift */; };
		6C1D97A4BC0FD61D57745B6C /* ProfileSettingsView.swift in Sources */ = {isa = PBXBuildFile; fileRef = BDEB4E7E827A572676E2A099 /* ProfileSettingsView.swift */; };
		6CADFD7EBF2A2535860E99EA /* OnyxTableView.swift in Sources */ = {isa = PBXBuildFile; fileRef = 0F70B5BC79EF22275BDDA4B7 /* OnyxTableView.swift */; };
		6E6C0548F91FC5735A35CCD9 /* NewTabView.swift in Sources */ = {isa = PBXBuildFile; fileRef = FDF245D86F6DC7A608BE45D9 /* NewTabView.swift */; };
		78FF0AFB738105E0DD635181 /* Presence.swift in Sources */ = {isa = PBXBuildFile; fileRef = 1A53B40EFC70C14D66DD221F /* Presence.swift */; };
		7DF81B083C864264C8F072A6 /* SearchField.swift in Sources */ = {isa = PBXBuildFile; fileRef = 5F5FD1F853D677F4D7E20DB5 /* SearchField.swift */; };
		87A533B5AB2E6F01F0E0E81B /* Assets.xcassets in Resources */ = {isa = PBXBuildFile; fileRef = D676E41BEB1F662DBF5F9293 /* Assets.xcassets */; };
		889992A97933A5AAD0669EA7 /* VectorStore.swift in Sources */ = {isa = PBXBuildFile; fileRef = 97AF362F24A1561B28AA4C05 /* VectorStore.swift */; };
		A1B2C3D4E5F60001293A4B5C /* SearchOverlayView.swift in Sources */ = {isa = PBXBuildFile; fileRef = A1B2C3D4E5F60002293A4B5C /* SearchOverlayView.swift */; };
		B2C3D4E5F6070001293A4B5C /* BacklinkEngine.swift in Sources */ = {isa = PBXBuildFile; fileRef = B2C3D4E5F6070002293A4B5C /* BacklinkEngine.swift */; };
		99DBBE74B6ADCEFEB99E48AD /* RAGEngine.swift in Sources */ = {isa = PBXBuildFile; fileRef = 8CF388E0C9A116363416A770 /* RAGEngine.swift */; };
		99E691D63F9425F96DB12102 /* Team.swift in Sources */ = {isa = PBXBuildFile; fileRef = AFF5E9315281E3CE33CCD26E /* Team.swift */; };
		9BDF1DB59F12F3013505DE79 /* EditorView.swift in Sources */ = {isa = PBXBuildFile; fileRef = D748296AC9F02517A1C1F208 /* EditorView.swift */; };
		9D0420C7BF040D53D49F39D6 /* FileWatcher.swift in Sources */ = {isa = PBXBuildFile; fileRef = FE384E5A1EB6E21A7C90591B /* FileWatcher.swift */; };
		A1CEE3C433468E9A03B5BE0A /* VaultProvider.swift in Sources */ = {isa = PBXBuildFile; fileRef = 4EA456253EF94871CF1CB478 /* VaultProvider.swift */; };
		A209E3229C831A6ECE2A6B79 /* SyncClient.swift in Sources */ = {isa = PBXBuildFile; fileRef = 33E6C4A9D69519007B281DCC /* SyncClient.swift */; };
		A59F63956DB373CBDD9B96D4 /* FrontmatterView.swift in Sources */ = {isa = PBXBuildFile; fileRef = 794652AA4F4EA78344B33177 /* FrontmatterView.swift */; };
		B21A85FA17DBA155395AE17F /* AppSettings.swift in Sources */ = {isa = PBXBuildFile; fileRef = 0069F62D560808401BC016D4 /* AppSettings.swift */; };
		BAC33C67CFA53CF424DC17B2 /* OnyxApp.swift in Sources */ = {isa = PBXBuildFile; fileRef = CC82FE53C96AE96AC3572370 /* OnyxApp.swift */; };
		BD92D4BF2EA5CAAC7EAB693C /* CRDTDocument.swift in Sources */ = {isa = PBXBuildFile; fileRef = 5639FF4504107C7BBC1C334C /* CRDTDocument.swift */; };
		C02C920A5F1AE9D94CFF381D /* TableParser.swift in Sources */ = {isa = PBXBuildFile; fileRef = 86CCA16E9A4D6EDEF828D3CD /* TableParser.swift */; };
		C5BFBCD2A626C4A4A49D7D92 /* Block.swift in Sources */ = {isa = PBXBuildFile; fileRef = DF2361D6F5022FFF20C5E9AC /* Block.swift */; };
		C9AE43C101322C91376A9F2C /* MarkdownNSTextView.swift in Sources */ = {isa = PBXBuildFile; fileRef = A80BA1F56ADA3C86AE0125E4 /* MarkdownNSTextView.swift */; };
		C9EF7EF97300400A34186477 /* BM25Index.swift in Sources */ = {isa = PBXBuildFile; fileRef = 339E3236CF4B4DA72C559565 /* BM25Index.swift */; };
		CB5CC75A16764C6D043FCBD5 /* CommandPaletteView.swift in Sources */ = {isa = PBXBuildFile; fileRef = 858BD3B99224F2886D6F588B /* CommandPaletteView.swift */; };
		CEA385B9C735F4597654FAD3 /* TabBarView.swift in Sources */ = {isa = PBXBuildFile; fileRef = 5AA2C0703B07AD469190161C /* TabBarView.swift */; };
		D031E3C21E1DEF9ACE7C1B38 /* SyncManager.swift in Sources */ = {isa = PBXBuildFile; fileRef = 966E585A0D431F47568631F9 /* SyncManager.swift */; };
		D1C3F1AC5FC7C02E8ABFE759 /* UserProfile.swift in Sources */ = {isa = PBXBuildFile; fileRef = E5544535A9EF0C1E469B13C6 /* UserProfile.swift */; };
		E0FCC2A1593FD777342E24E6 /* DocumentStatsBar.swift in Sources */ = {isa = PBXBuildFile; fileRef = AE67CC2845BBFB3120431240 /* DocumentStatsBar.swift */; };
		E560D6C2F84D21AD2CF4FAC4 /* DocumentProvider.swift in Sources */ = {isa = PBXBuildFile; fileRef = CC2CCBF2E3426D77F664A579 /* DocumentProvider.swift */; };
		E6BF6D8867B66EB40D530175 /* AppDatabase.swift in Sources */ = {isa = PBXBuildFile; fileRef = D04E01442D70D5DD58F04B0B /* AppDatabase.swift */; };
		E7BBD035E2E90CC62D60CE12 /* ToastView.swift in Sources */ = {isa = PBXBuildFile; fileRef = 503D4C6C74838FB68B7754CF /* ToastView.swift */; };
		EBAEE3B99D44D82013086B5B /* KeyboardShortcuts.swift in Sources */ = {isa = PBXBuildFile; fileRef = AEED21A6535D75F72B637A0E /* KeyboardShortcuts.swift */; };
		F11219CB877CD9EA0AD8DD39 /* AIAssistantViewModel.swift in Sources */ = {isa = PBXBuildFile; fileRef = 384DFFE478CA87D4B6B4607F /* AIAssistantViewModel.swift */; };
		F2FCF2F09FA7D879B18F6DC8 /* DocumentChunker.swift in Sources */ = {isa = PBXBuildFile; fileRef = AA27C5600BA54C2F032C155A /* DocumentChunker.swift */; };
		F5EB7A6C91C443C3B9DF2F17 /* LoginView.swift in Sources */ = {isa = PBXBuildFile; fileRef = 84CFD575125820CE4EC9098E /* LoginView.swift */; };
/* End PBXBuildFile section */

/* Begin PBXFileReference section */
		0069F62D560808401BC016D4 /* AppSettings.swift */ = {isa = PBXFileReference; lastKnownFileType = sourcecode.swift; path = AppSettings.swift; sourceTree = "<group>"; };
		0119623D677BB3487188F079 /* VaultPickerView.swift */ = {isa = PBXFileReference; lastKnownFileType = sourcecode.swift; path = VaultPickerView.swift; sourceTree = "<group>"; };
		02E0AD425028C54DA43FBAF2 /* AppState.swift */ = {isa = PBXFileReference; lastKnownFileType = sourcecode.swift; path = AppState.swift; sourceTree = "<group>"; };
		0804288DC4A8146DD9F3FC3E /* Onyx.app */ = {isa = PBXFileReference; explicitFileType = wrapper.application; includeInIndex = 0; path = Onyx.app; sourceTree = BUILT_PRODUCTS_DIR; };
		0F70B5BC79EF22275BDDA4B7 /* OnyxTableView.swift */ = {isa = PBXFileReference; lastKnownFileType = sourcecode.swift; path = OnyxTableView.swift; sourceTree = "<group>"; };
		1A53B40EFC70C14D66DD221F /* Presence.swift */ = {isa = PBXFileReference; lastKnownFileType = sourcecode.swift; path = Presence.swift; sourceTree = "<group>"; };
		339E3236CF4B4DA72C559565 /* BM25Index.swift */ = {isa = PBXFileReference; lastKnownFileType = sourcecode.swift; path = BM25Index.swift; sourceTree = "<group>"; };
		33E6C4A9D69519007B281DCC /* SyncClient.swift */ = {isa = PBXFileReference; lastKnownFileType = sourcecode.swift; path = SyncClient.swift; sourceTree = "<group>"; };
		34A49F79004F6AB77155AEF3 /* MarkdownHighlighter.swift */ = {isa = PBXFileReference; lastKnownFileType = sourcecode.swift; path = MarkdownHighlighter.swift; sourceTree = "<group>"; };
		384DFFE478CA87D4B6B4607F /* AIAssistantViewModel.swift */ = {isa = PBXFileReference; lastKnownFileType = sourcecode.swift; path = AIAssistantViewModel.swift; sourceTree = "<group>"; };
		40CD2EC6B3BC0068292DB333 /* AIAssistantView.swift */ = {isa = PBXFileReference; lastKnownFileType = sourcecode.swift; path = AIAssistantView.swift; sourceTree = "<group>"; };
		4B424C4D5C2626825836BC4E /* MarkdownSerializer.swift */ = {isa = PBXFileReference; lastKnownFileType = sourcecode.swift; path = MarkdownSerializer.swift; sourceTree = "<group>"; };
		4EA456253EF94871CF1CB478 /* VaultProvider.swift */ = {isa = PBXFileReference; lastKnownFileType = sourcecode.swift; path = VaultProvider.swift; sourceTree = "<group>"; };
		503D4C6C74838FB68B7754CF /* ToastView.swift */ = {isa = PBXFileReference; lastKnownFileType = sourcecode.swift; path = ToastView.swift; sourceTree = "<group>"; };
		50A018673EE6BD9C50F1EFA0 /* Info.plist */ = {isa = PBXFileReference; lastKnownFileType = text.plist; path = Info.plist; sourceTree = "<group>"; };
		561567BD763B9EC2D5E37FF6 /* EditorToolbar.swift */ = {isa = PBXFileReference; lastKnownFileType = sourcecode.swift; path = EditorToolbar.swift; sourceTree = "<group>"; };
		5639FF4504107C7BBC1C334C /* CRDTDocument.swift */ = {isa = PBXFileReference; lastKnownFileType = sourcecode.swift; path = CRDTDocument.swift; sourceTree = "<group>"; };
		5AA2C0703B07AD469190161C /* TabBarView.swift */ = {isa = PBXFileReference; lastKnownFileType = sourcecode.swift; path = TabBarView.swift; sourceTree = "<group>"; };
		5F5FD1F853D677F4D7E20DB5 /* SearchField.swift */ = {isa = PBXFileReference; lastKnownFileType = sourcecode.swift; path = SearchField.swift; sourceTree = "<group>"; };
		794652AA4F4EA78344B33177 /* FrontmatterView.swift */ = {isa = PBXFileReference; lastKnownFileType = sourcecode.swift; path = FrontmatterView.swift; sourceTree = "<group>"; };
		7EAC4D2FF9957A0B5B7ADD4F /* Document.swift */ = {isa = PBXFileReference; lastKnownFileType = sourcecode.swift; path = Document.swift; sourceTree = "<group>"; };
		84CFD575125820CE4EC9098E /* LoginView.swift */ = {isa = PBXFileReference; lastKnownFileType = sourcecode.swift; path = LoginView.swift; sourceTree = "<group>"; };
		858BD3B99224F2886D6F588B /* CommandPaletteView.swift */ = {isa = PBXFileReference; lastKnownFileType = sourcecode.swift; path = CommandPaletteView.swift; sourceTree = "<group>"; };
		86CCA16E9A4D6EDEF828D3CD /* TableParser.swift */ = {isa = PBXFileReference; lastKnownFileType = sourcecode.swift; path = TableParser.swift; sourceTree = "<group>"; };
		87597F09E971C14CF1E475DB /* Onyx.entitlements */ = {isa = PBXFileReference; lastKnownFileType = text.plist.entitlements; path = Onyx.entitlements; sourceTree = "<group>"; };
		8CF388E0C9A116363416A770 /* RAGEngine.swift */ = {isa = PBXFileReference; lastKnownFileType = sourcecode.swift; path = RAGEngine.swift; sourceTree = "<group>"; };
		8D5E3FFF2712015049FC6DCC /* DatabaseProvider.swift */ = {isa = PBXFileReference; lastKnownFileType = sourcecode.swift; path = DatabaseProvider.swift; sourceTree = "<group>"; };
		92EBEEC43EDE43493FF865B4 /* DatabaseObservation.swift */ = {isa = PBXFileReference; lastKnownFileType = sourcecode.swift; path = DatabaseObservation.swift; sourceTree = "<group>"; };
		9416F2D0C48C508EEEBB010D /* FuzzyMatch.swift */ = {isa = PBXFileReference; lastKnownFileType = sourcecode.swift; path = FuzzyMatch.swift; sourceTree = "<group>"; };
		966E585A0D431F47568631F9 /* SyncManager.swift */ = {isa = PBXFileReference; lastKnownFileType = sourcecode.swift; path = SyncManager.swift; sourceTree = "<group>"; };
		97AF362F24A1561B28AA4C05 /* VectorStore.swift */ = {isa = PBXFileReference; lastKnownFileType = sourcecode.swift; path = VectorStore.swift; sourceTree = "<group>"; };
		9C3F384D4F6AE917D6754E36 /* OnyxTheme.swift */ = {isa = PBXFileReference; lastKnownFileType = sourcecode.swift; path = OnyxTheme.swift; sourceTree = "<group>"; };
		A23CA420DCFF484E82E2D085 /* CursorOverlay.swift */ = {isa = PBXFileReference; lastKnownFileType = sourcecode.swift; path = CursorOverlay.swift; sourceTree = "<group>"; };
		A3B5474F3D2737AD40111353 /* ContentView.swift */ = {isa = PBXFileReference; lastKnownFileType = sourcecode.swift; path = ContentView.swift; sourceTree = "<group>"; };
		A80BA1F56ADA3C86AE0125E4 /* MarkdownNSTextView.swift */ = {isa = PBXFileReference; lastKnownFileType = sourcecode.swift; path = MarkdownNSTextView.swift; sourceTree = "<group>"; };
		A1B2C3D4E5F60002293A4B5C /* SearchOverlayView.swift */ = {isa = PBXFileReference; lastKnownFileType = sourcecode.swift; path = SearchOverlayView.swift; sourceTree = "<group>"; };
		AA27C5600BA54C2F032C155A /* DocumentChunker.swift */ = {isa = PBXFileReference; lastKnownFileType = sourcecode.swift; path = DocumentChunker.swift; sourceTree = "<group>"; };
		AE67CC2845BBFB3120431240 /* DocumentStatsBar.swift */ = {isa = PBXFileReference; lastKnownFileType = sourcecode.swift; path = DocumentStatsBar.swift; sourceTree = "<group>"; };
		AEED21A6535D75F72B637A0E /* KeyboardShortcuts.swift */ = {isa = PBXFileReference; lastKnownFileType = sourcecode.swift; path = KeyboardShortcuts.swift; sourceTree = "<group>"; };
		AFF5E9315281E3CE33CCD26E /* Team.swift */ = {isa = PBXFileReference; lastKnownFileType = sourcecode.swift; path = Team.swift; sourceTree = "<group>"; };
		B2C3D4E5F6070002293A4B5C /* BacklinkEngine.swift */ = {isa = PBXFileReference; lastKnownFileType = sourcecode.swift; path = BacklinkEngine.swift; sourceTree = "<group>"; };
		BBA26E4F790EFA3EAA96CDF6 /* Project.swift */ = {isa = PBXFileReference; lastKnownFileType = sourcecode.swift; path = Project.swift; sourceTree = "<group>"; };
		BDEB4E7E827A572676E2A099 /* ProfileSettingsView.swift */ = {isa = PBXFileReference; lastKnownFileType = sourcecode.swift; path = ProfileSettingsView.swift; sourceTree = "<group>"; };
		BECF4978DF030A64E41D5D39 /* MarkdownEditorField.swift */ = {isa = PBXFileReference; lastKnownFileType = sourcecode.swift; path = MarkdownEditorField.swift; sourceTree = "<group>"; };
		BF9F6779061DEC6ABEE4EA80 /* BookmarkManager.swift */ = {isa = PBXFileReference; lastKnownFileType = sourcecode.swift; path = BookmarkManager.swift; sourceTree = "<group>"; };
		C064F316C858865181958654 /* TabItem.swift */ = {isa = PBXFileReference; lastKnownFileType = sourcecode.swift; path = TabItem.swift; sourceTree = "<group>"; };
		CC2CCBF2E3426D77F664A579 /* DocumentProvider.swift */ = {isa = PBXFileReference; lastKnownFileType = sourcecode.swift; path = DocumentProvider.swift; sourceTree = "<group>"; };
		CC82FE53C96AE96AC3572370 /* OnyxApp.swift */ = {isa = PBXFileReference; lastKnownFileType = sourcecode.swift; path = OnyxApp.swift; sourceTree = "<group>"; };
		D04E01442D70D5DD58F04B0B /* AppDatabase.swift */ = {isa = PBXFileReference; lastKnownFileType = sourcecode.swift; path = AppDatabase.swift; sourceTree = "<group>"; };
		D676E41BEB1F662DBF5F9293 /* Assets.xcassets */ = {isa = PBXFileReference; lastKnownFileType = folder.assetcatalog; path = Assets.xcassets; sourceTree = "<group>"; };
		D748296AC9F02517A1C1F208 /* EditorView.swift */ = {isa = PBXFileReference; lastKnownFileType = sourcecode.swift; path = EditorView.swift; sourceTree = "<group>"; };
		DCB8A0BBE01D0C3218800A2C /* ProfileManager.swift */ = {isa = PBXFileReference; lastKnownFileType = sourcecode.swift; path = ProfileManager.swift; sourceTree = "<group>"; };
		DF2361D6F5022FFF20C5E9AC /* Block.swift */ = {isa = PBXFileReference; lastKnownFileType = sourcecode.swift; path = Block.swift; sourceTree = "<group>"; };
		DFC215D27B8F17D618D8F621 /* SidebarView.swift */ = {isa = PBXFileReference; lastKnownFileType = sourcecode.swift; path = SidebarView.swift; sourceTree = "<group>"; };
		E41055B9C21B06C4646DD7E4 /* SettingsView.swift */ = {isa = PBXFileReference; lastKnownFileType = sourcecode.swift; path = SettingsView.swift; sourceTree = "<group>"; };
		E5544535A9EF0C1E469B13C6 /* UserProfile.swift */ = {isa = PBXFileReference; lastKnownFileType = sourcecode.swift; path = UserProfile.swift; sourceTree = "<group>"; };
		EB47E164976435B107CBA01A /* AppCommands.swift */ = {isa = PBXFileReference; lastKnownFileType = sourcecode.swift; path = AppCommands.swift; sourceTree = "<group>"; };
		EE541CE0E737A5D92F45B6CC /* AuthManager.swift */ = {isa = PBXFileReference; lastKnownFileType = sourcecode.swift; path = AuthManager.swift; sourceTree = "<group>"; };
		FC6038B188BAD0F00C4C3A37 /* InlineFormat.swift */ = {isa = PBXFileReference; lastKnownFileType = sourcecode.swift; path = InlineFormat.swift; sourceTree = "<group>"; };
		FDF245D86F6DC7A608BE45D9 /* NewTabView.swift */ = {isa = PBXFileReference; lastKnownFileType = sourcecode.swift; path = NewTabView.swift; sourceTree = "<group>"; };
		FE384E5A1EB6E21A7C90591B /* FileWatcher.swift */ = {isa = PBXFileReference; lastKnownFileType = sourcecode.swift; path = FileWatcher.swift; sourceTree = "<group>"; };
/* End PBXFileReference section */

/* Begin PBXFrameworksBuildPhase section */
		7FF994FE5530D53BEFBE13FE /* Frameworks */ = {
			isa = PBXFrameworksBuildPhase;
			buildActionMask = 2147483647;
			files = (
				4E729C7A6498B4679C8D2C42 /* GRDB in Frameworks */,
				68EE5495435A82E20248EBC2 /* GRDBQuery in Frameworks */,
			);
			runOnlyForDeploymentPostprocessing = 0;
		};
/* End PBXFrameworksBuildPhase section */

/* Begin PBXGroup section */
		06BF3A667BF6C39ED3EBFD8A /* RAG */ = {
			isa = PBXGroup;
			children = (
				B2C3D4E5F6070002293A4B5C /* BacklinkEngine.swift */,
				339E3236CF4B4DA72C559565 /* BM25Index.swift */,
				AA27C5600BA54C2F032C155A /* DocumentChunker.swift */,
				8CF388E0C9A116363416A770 /* RAGEngine.swift */,
				97AF362F24A1561B28AA4C05 /* VectorStore.swift */,
			);
			path = RAG;
			sourceTree = "<group>";
		};
		F607182A3B4C0001B2C3D4E5 /* Search */ = {
			isa = PBXGroup;
			children = (
				A1B2C3D4E5F60002293A4B5C /* SearchOverlayView.swift */,
			);
			path = Search;
			sourceTree = "<group>";
		};
		09F52BDBD9728B8387A4C10D /* AIAssistant */ = {
			isa = PBXGroup;
			children = (
				40CD2EC6B3BC0068292DB333 /* AIAssistantView.swift */,
				384DFFE478CA87D4B6B4607F /* AIAssistantViewModel.swift */,
			);
			path = AIAssistant;
			sourceTree = "<group>";
		};
		0DD81CB2989280BAF8B3BBBC /* Models */ = {
			isa = PBXGroup;
			children = (
				DF2361D6F5022FFF20C5E9AC /* Block.swift */,
				7EAC4D2FF9957A0B5B7ADD4F /* Document.swift */,
				FC6038B188BAD0F00C4C3A37 /* InlineFormat.swift */,
				1A53B40EFC70C14D66DD221F /* Presence.swift */,
				BBA26E4F790EFA3EAA96CDF6 /* Project.swift */,
				C064F316C858865181958654 /* TabItem.swift */,
				AFF5E9315281E3CE33CCD26E /* Team.swift */,
				E5544535A9EF0C1E469B13C6 /* UserProfile.swift */,
			);
			path = Models;
			sourceTree = "<group>";
		};
		101A3F235EDB392F727B4627 /* Database */ = {
			isa = PBXGroup;
			children = (
				D04E01442D70D5DD58F04B0B /* AppDatabase.swift */,
				92EBEEC43EDE43493FF865B4 /* DatabaseObservation.swift */,
			);
			path = Database;
			sourceTree = "<group>";
		};
		1513780E670BF23E97D46192 /* Vault */ = {
			isa = PBXGroup;
			children = (
				BF9F6779061DEC6ABEE4EA80 /* BookmarkManager.swift */,
				8D5E3FFF2712015049FC6DCC /* DatabaseProvider.swift */,
				CC2CCBF2E3426D77F664A579 /* DocumentProvider.swift */,
				FE384E5A1EB6E21A7C90591B /* FileWatcher.swift */,
				4B424C4D5C2626825836BC4E /* MarkdownSerializer.swift */,
				0119623D677BB3487188F079 /* VaultPickerView.swift */,
				4EA456253EF94871CF1CB478 /* VaultProvider.swift */,
			);
			path = Vault;
			sourceTree = "<group>";
		};
		339A2C4AF25B5612E90B795D /* Products */ = {
			isa = PBXGroup;
			children = (
				0804288DC4A8146DD9F3FC3E /* Onyx.app */,
			);
			name = Products;
			sourceTree = "<group>";
		};
		34E58397126BA9F9C1756BE0 /* Utilities */ = {
			isa = PBXGroup;
			children = (
				9416F2D0C48C508EEEBB010D /* FuzzyMatch.swift */,
				AEED21A6535D75F72B637A0E /* KeyboardShortcuts.swift */,
			);
			path = Utilities;
			sourceTree = "<group>";
		};
		3FE7B1761F56C6234F00E08C /* CommandPalette */ = {
			isa = PBXGroup;
			children = (
				858BD3B99224F2886D6F588B /* CommandPaletteView.swift */,
			);
			path = CommandPalette;
			sourceTree = "<group>";
		};
		40AB0784F956D00B4E1362FB = {
			isa = PBXGroup;
			children = (
				D6653B90FCB65F334F91F2F1 /* Onyx */,
				339A2C4AF25B5612E90B795D /* Products */,
			);
			sourceTree = "<group>";
		};
		41AFA71C0E883094FF6B7DE9 /* Settings */ = {
			isa = PBXGroup;
			children = (
				0069F62D560808401BC016D4 /* AppSettings.swift */,
				BDEB4E7E827A572676E2A099 /* ProfileSettingsView.swift */,
				E41055B9C21B06C4646DD7E4 /* SettingsView.swift */,
			);
			path = Settings;
			sourceTree = "<group>";
		};
		4C47E4E9C2C6E40DCC18A273 /* App */ = {
			isa = PBXGroup;
			children = (
				EB47E164976435B107CBA01A /* AppCommands.swift */,
				02E0AD425028C54DA43FBAF2 /* AppState.swift */,
				A3B5474F3D2737AD40111353 /* ContentView.swift */,
				FDF245D86F6DC7A608BE45D9 /* NewTabView.swift */,
				CC82FE53C96AE96AC3572370 /* OnyxApp.swift */,
				DCB8A0BBE01D0C3218800A2C /* ProfileManager.swift */,
			);
			path = App;
			sourceTree = "<group>";
		};
		4CD29FD93C84AA0A6F2201D6 /* Auth */ = {
			isa = PBXGroup;
			children = (
				EE541CE0E737A5D92F45B6CC /* AuthManager.swift */,
				84CFD575125820CE4EC9098E /* LoginView.swift */,
			);
			path = Auth;
			sourceTree = "<group>";
		};
		758CEFFDB52819C3AF0099BF /* Components */ = {
			isa = PBXGroup;
			children = (
				5F5FD1F853D677F4D7E20DB5 /* SearchField.swift */,
				503D4C6C74838FB68B7754CF /* ToastView.swift */,
			);
			path = Components;
			sourceTree = "<group>";
		};
		80E4EDBE37C4B6FF52B5B830 /* Editor */ = {
			isa = PBXGroup;
			children = (
				A23CA420DCFF484E82E2D085 /* CursorOverlay.swift */,
				AE67CC2845BBFB3120431240 /* DocumentStatsBar.swift */,
				561567BD763B9EC2D5E37FF6 /* EditorToolbar.swift */,
				D748296AC9F02517A1C1F208 /* EditorView.swift */,
				794652AA4F4EA78344B33177 /* FrontmatterView.swift */,
				BECF4978DF030A64E41D5D39 /* MarkdownEditorField.swift */,
				34A49F79004F6AB77155AEF3 /* MarkdownHighlighter.swift */,
				A80BA1F56ADA3C86AE0125E4 /* MarkdownNSTextView.swift */,
				0F70B5BC79EF22275BDDA4B7 /* OnyxTableView.swift */,
				86CCA16E9A4D6EDEF828D3CD /* TableParser.swift */,
			);
			path = Editor;
			sourceTree = "<group>";
		};
		90F11395A00B2D63947C01EE /* Theme */ = {
			isa = PBXGroup;
			children = (
				9C3F384D4F6AE917D6754E36 /* OnyxTheme.swift */,
			);
			path = Theme;
			sourceTree = "<group>";
		};
		C355B250C92AB96BF295553C /* Sync */ = {
			isa = PBXGroup;
			children = (
				33E6C4A9D69519007B281DCC /* SyncClient.swift */,
				966E585A0D431F47568631F9 /* SyncManager.swift */,
			);
			path = Sync;
			sourceTree = "<group>";
		};
		D6653B90FCB65F334F91F2F1 /* Onyx */ = {
			isa = PBXGroup;
			children = (
				09F52BDBD9728B8387A4C10D /* AIAssistant */,
				4C47E4E9C2C6E40DCC18A273 /* App */,
				4CD29FD93C84AA0A6F2201D6 /* Auth */,
				3FE7B1761F56C6234F00E08C /* CommandPalette */,
				758CEFFDB52819C3AF0099BF /* Components */,
				D8D0C937F6DC8F07451324E1 /* CRDT */,
				101A3F235EDB392F727B4627 /* Database */,
				80E4EDBE37C4B6FF52B5B830 /* Editor */,
				0DD81CB2989280BAF8B3BBBC /* Models */,
				06BF3A667BF6C39ED3EBFD8A /* RAG */,
				F607182A3B4C0001B2C3D4E5 /* Search */,
				41AFA71C0E883094FF6B7DE9 /* Settings */,
				DD0E9C98753E3CB75A9C87B9 /* Sidebar */,
				C355B250C92AB96BF295553C /* Sync */,
				90F11395A00B2D63947C01EE /* Theme */,
				34E58397126BA9F9C1756BE0 /* Utilities */,
				1513780E670BF23E97D46192 /* Vault */,
				D676E41BEB1F662DBF5F9293 /* Assets.xcassets */,
				50A018673EE6BD9C50F1EFA0 /* Info.plist */,
				87597F09E971C14CF1E475DB /* Onyx.entitlements */,
			);
			path = Onyx;
			sourceTree = "<group>";
		};
		D8D0C937F6DC8F07451324E1 /* CRDT */ = {
			isa = PBXGroup;
			children = (
				5639FF4504107C7BBC1C334C /* CRDTDocument.swift */,
			);
			path = CRDT;
			sourceTree = "<group>";
		};
		DD0E9C98753E3CB75A9C87B9 /* Sidebar */ = {
			isa = PBXGroup;
			children = (
				DFC215D27B8F17D618D8F621 /* SidebarView.swift */,
				5AA2C0703B07AD469190161C /* TabBarView.swift */,
			);
			path = Sidebar;
			sourceTree = "<group>";
		};
/* End PBXGroup section */

/* Begin PBXNativeTarget section */
		2EB428ADC48D89BCA28D3EE1 /* Onyx */ = {
			isa = PBXNativeTarget;
			buildConfigurationList = C126F7CB2B14EC196CE8743D /* Build configuration list for PBXNativeTarget "Onyx" */;
			buildPhases = (
				6B11A5AC704B6429B9484789 /* Sources */,
				B211CE3C0EF94A8D680E4AE0 /* Resources */,
				7FF994FE5530D53BEFBE13FE /* Frameworks */,
			);
			buildRules = (
			);
			dependencies = (
			);
			name = Onyx;
			packageProductDependencies = (
				6F2D7723BD330EE8AA9F4DF7 /* GRDB */,
				9BA4B8644549D44A04E30F2F /* GRDBQuery */,
			);
			productName = Onyx;
			productReference = 0804288DC4A8146DD9F3FC3E /* Onyx.app */;
			productType = "com.apple.product-type.application";
		};
/* End PBXNativeTarget section */

/* Begin PBXProject section */
		32F5E88F3CF35AE8C0E00613 /* Project object */ = {
			isa = PBXProject;
			attributes = {
				BuildIndependentTargetsInParallel = YES;
				LastUpgradeCheck = 1600;
				TargetAttributes = {
				};
			};
			buildConfigurationList = 0A2ACEAA7E2F36634202B241 /* Build configuration list for PBXProject "Onyx" */;
			developmentRegion = en;
			hasScannedForEncodings = 0;
			knownRegions = (
				Base,
				en,
			);
			mainGroup = 40AB0784F956D00B4E1362FB;
			minimizedProjectReferenceProxies = 1;
			packageReferences = (
				5356D96CD31D98C8B2CEABCC /* XCRemoteSwiftPackageReference "GRDB.swift" */,
				2611B9BA99A5762BBCF638D9 /* XCRemoteSwiftPackageReference "GRDBQuery" */,
			);
			preferredProjectObjectVersion = 77;
			productRefGroup = 339A2C4AF25B5612E90B795D /* Products */;
			projectDirPath = "";
			projectRoot = "";
			targets = (
				2EB428ADC48D89BCA28D3EE1 /* Onyx */,
			);
		};
/* End PBXProject section */

/* Begin PBXResourcesBuildPhase section */
		B211CE3C0EF94A8D680E4AE0 /* Resources */ = {
			isa = PBXResourcesBuildPhase;
			buildActionMask = 2147483647;
			files = (
				87A533B5AB2E6F01F0E0E81B /* Assets.xcassets in Resources */,
				2998C3B24316E677269A288F /* Info.plist in Resources */,
			);
			runOnlyForDeploymentPostprocessing = 0;
		};
/* End PBXResourcesBuildPhase section */

/* Begin PBXSourcesBuildPhase section */
		6B11A5AC704B6429B9484789 /* Sources */ = {
			isa = PBXSourcesBuildPhase;
			buildActionMask = 2147483647;
			files = (
				302750973A25D24F917F0603 /* AIAssistantView.swift in Sources */,
				F11219CB877CD9EA0AD8DD39 /* AIAssistantViewModel.swift in Sources */,
				06D203D8F4235DBAE83BD9F5 /* AppCommands.swift in Sources */,
				E6BF6D8867B66EB40D530175 /* AppDatabase.swift in Sources */,
				B21A85FA17DBA155395AE17F /* AppSettings.swift in Sources */,
				04B88B97E7D4AD2D71D04B56 /* AppState.swift in Sources */,
				16FB708BF8ED3655BE54E996 /* AuthManager.swift in Sources */,
				B2C3D4E5F6070001293A4B5C /* BacklinkEngine.swift in Sources */,
				C9EF7EF97300400A34186477 /* BM25Index.swift in Sources */,
				C5BFBCD2A626C4A4A49D7D92 /* Block.swift in Sources */,
				052E2A41BCE5F1B4C2EE18C3 /* BookmarkManager.swift in Sources */,
				BD92D4BF2EA5CAAC7EAB693C /* CRDTDocument.swift in Sources */,
				CB5CC75A16764C6D043FCBD5 /* CommandPaletteView.swift in Sources */,
				53F932A933A793F4DC0A8C5E /* ContentView.swift in Sources */,
				06A80BE290DA03412C799988 /* CursorOverlay.swift in Sources */,
				612C973F9E92A37B2AEE206A /* DatabaseObservation.swift in Sources */,
				36764F591AC74118979DCB36 /* DatabaseProvider.swift in Sources */,
				0C11BC978C0AC465CEF3F00D /* Document.swift in Sources */,
				F2FCF2F09FA7D879B18F6DC8 /* DocumentChunker.swift in Sources */,
				E560D6C2F84D21AD2CF4FAC4 /* DocumentProvider.swift in Sources */,
				E0FCC2A1593FD777342E24E6 /* DocumentStatsBar.swift in Sources */,
				1E4BA324EC7042889E01C6C7 /* EditorToolbar.swift in Sources */,
				9BDF1DB59F12F3013505DE79 /* EditorView.swift in Sources */,
				9D0420C7BF040D53D49F39D6 /* FileWatcher.swift in Sources */,
				A59F63956DB373CBDD9B96D4 /* FrontmatterView.swift in Sources */,
				2CA87F94E7A0F71BD8853CCA /* FuzzyMatch.swift in Sources */,
				034FD04EE405439249FC0948 /* InlineFormat.swift in Sources */,
				EBAEE3B99D44D82013086B5B /* KeyboardShortcuts.swift in Sources */,
				F5EB7A6C91C443C3B9DF2F17 /* LoginView.swift in Sources */,
				55EFD28E95A66EF7F685D791 /* MarkdownEditorField.swift in Sources */,
				0E8D660F053A30CD666A5E0B /* MarkdownHighlighter.swift in Sources */,
				C9AE43C101322C91376A9F2C /* MarkdownNSTextView.swift in Sources */,
				3EB3D8D4AACBF1C0A5DDDB23 /* MarkdownSerializer.swift in Sources */,
				6E6C0548F91FC5735A35CCD9 /* NewTabView.swift in Sources */,
				BAC33C67CFA53CF424DC17B2 /* OnyxApp.swift in Sources */,
				6CADFD7EBF2A2535860E99EA /* OnyxTableView.swift in Sources */,
				5CFBD85B655F5BCAA846D2A4 /* OnyxTheme.swift in Sources */,
				78FF0AFB738105E0DD635181 /* Presence.swift in Sources */,
				67BEB95E6D80EB9304534136 /* ProfileManager.swift in Sources */,
				6C1D97A4BC0FD61D57745B6C /* ProfileSettingsView.swift in Sources */,
				6C004EE37F9724802565B1E1 /* Project.swift in Sources */,
				99DBBE74B6ADCEFEB99E48AD /* RAGEngine.swift in Sources */,
				A1B2C3D4E5F60001293A4B5C /* SearchOverlayView.swift in Sources */,
				7DF81B083C864264C8F072A6 /* SearchField.swift in Sources */,
				54CC339C83A7B7DA59BE865C /* SettingsView.swift in Sources */,
				06BD596CF426E5A30E34C8A3 /* SidebarView.swift in Sources */,
				A209E3229C831A6ECE2A6B79 /* SyncClient.swift in Sources */,
				D031E3C21E1DEF9ACE7C1B38 /* SyncManager.swift in Sources */,
				CEA385B9C735F4597654FAD3 /* TabBarView.swift in Sources */,
				2EC846F3D6B3EC6FBFEDA2E1 /* TabItem.swift in Sources */,
				C02C920A5F1AE9D94CFF381D /* TableParser.swift in Sources */,
				99E691D63F9425F96DB12102 /* Team.swift in Sources */,
				E7BBD035E2E90CC62D60CE12 /* ToastView.swift in Sources */,
				D1C3F1AC5FC7C02E8ABFE759 /* UserProfile.swift in Sources */,
				4B51B9DBF94A8DC1D0A221AA /* VaultPickerView.swift in Sources */,
				A1CEE3C433468E9A03B5BE0A /* VaultProvider.swift in Sources */,
				889992A97933A5AAD0669EA7 /* VectorStore.swift in Sources */,
			);
			runOnlyForDeploymentPostprocessing = 0;
		};
/* End PBXSourcesBuildPhase section */

/* Begin XCBuildConfiguration section */
		42021FACB216529C4EA156E9 /* Debug */ = {
			isa = XCBuildConfiguration;
			buildSettings = {
				ASSETCATALOG_COMPILER_APPICON_NAME = AppIcon;
				CODE_SIGN_ENTITLEMENTS = Onyx/Onyx.entitlements;
				COMBINE_HIDPI_IMAGES = YES;
				CURRENT_PROJECT_VERSION = 1;
				ENABLE_HARDENED_RUNTIME = YES;
				GENERATE_INFOPLIST_FILE = YES;
				INFOPLIST_FILE = "";
				LD_RUNPATH_SEARCH_PATHS = (
					"$(inherited)",
					"@executable_path/../Frameworks",
				);
				MACOSX_DEPLOYMENT_TARGET = 26.0;
				MARKETING_VERSION = 0.1.0;
				PRODUCT_BUNDLE_IDENTIFIER = com.onyx.app;
				PRODUCT_NAME = Onyx;
				SDKROOT = macosx;
				SWIFT_OPTIMIZATION_LEVEL = "-Onone";
				SWIFT_STRICT_CONCURRENCY = minimal;
				SWIFT_VERSION = 6.0;
			};
			name = Debug;
		};
		A8521951AFD4AF6BDE351F27 /* Release */ = {
			isa = XCBuildConfiguration;
			buildSettings = {
				ALWAYS_SEARCH_USER_PATHS = NO;
				CLANG_ANALYZER_NONNULL = YES;
				CLANG_ANALYZER_NUMBER_OBJECT_CONVERSION = YES_AGGRESSIVE;
				CLANG_CXX_LANGUAGE_STANDARD = "gnu++14";
				CLANG_CXX_LIBRARY = "libc++";
				CLANG_ENABLE_MODULES = YES;
				CLANG_ENABLE_OBJC_ARC = YES;
				CLANG_ENABLE_OBJC_WEAK = YES;
				CLANG_WARN_BLOCK_CAPTURE_AUTORELEASING = YES;
				CLANG_WARN_BOOL_CONVERSION = YES;
				CLANG_WARN_COMMA = YES;
				CLANG_WARN_CONSTANT_CONVERSION = YES;
				CLANG_WARN_DEPRECATED_OBJC_IMPLEMENTATIONS = YES;
				CLANG_WARN_DIRECT_OBJC_ISA_USAGE = YES_ERROR;
				CLANG_WARN_DOCUMENTATION_COMMENTS = YES;
				CLANG_WARN_EMPTY_BODY = YES;
				CLANG_WARN_ENUM_CONVERSION = YES;
				CLANG_WARN_INFINITE_RECURSION = YES;
				CLANG_WARN_INT_CONVERSION = YES;
				CLANG_WARN_NON_LITERAL_NULL_CONVERSION = YES;
				CLANG_WARN_OBJC_IMPLICIT_RETAIN_SELF = YES;
				CLANG_WARN_OBJC_LITERAL_CONVERSION = YES;
				CLANG_WARN_OBJC_ROOT_CLASS = YES_ERROR;
				CLANG_WARN_QUOTED_INCLUDE_IN_FRAMEWORK_HEADER = YES;
				CLANG_WARN_RANGE_LOOP_ANALYSIS = YES;
				CLANG_WARN_STRICT_PROTOTYPES = YES;
				CLANG_WARN_SUSPICIOUS_MOVE = YES;
				CLANG_WARN_UNGUARDED_AVAILABILITY = YES_AGGRESSIVE;
				CLANG_WARN_UNREACHABLE_CODE = YES;
				CLANG_WARN__DUPLICATE_METHOD_MATCH = YES;
				COPY_PHASE_STRIP = NO;
				DEBUG_INFORMATION_FORMAT = "dwarf-with-dsym";
				ENABLE_NS_ASSERTIONS = NO;
				ENABLE_STRICT_OBJC_MSGSEND = YES;
				GCC_C_LANGUAGE_STANDARD = gnu11;
				GCC_NO_COMMON_BLOCKS = YES;
				GCC_WARN_64_TO_32_BIT_CONVERSION = YES;
				GCC_WARN_ABOUT_RETURN_TYPE = YES_ERROR;
				GCC_WARN_UNDECLARED_SELECTOR = YES;
				GCC_WARN_UNINITIALIZED_AUTOS = YES_AGGRESSIVE;
				GCC_WARN_UNUSED_FUNCTION = YES;
				GCC_WARN_UNUSED_VARIABLE = YES;
				MACOSX_DEPLOYMENT_TARGET = 26.0;
				MTL_ENABLE_DEBUG_INFO = NO;
				MTL_FAST_MATH = YES;
				PRODUCT_NAME = "$(TARGET_NAME)";
				SDKROOT = macosx;
				SWIFT_COMPILATION_MODE = wholemodule;
				SWIFT_OPTIMIZATION_LEVEL = "-O";
				SWIFT_VERSION = 5.0;
			};
			name = Release;
		};
		DEB51EF5615CABC756F24ADD /* Debug */ = {
			isa = XCBuildConfiguration;
			buildSettings = {
				ALWAYS_SEARCH_USER_PATHS = NO;
				CLANG_ANALYZER_NONNULL = YES;
				CLANG_ANALYZER_NUMBER_OBJECT_CONVERSION = YES_AGGRESSIVE;
				CLANG_CXX_LANGUAGE_STANDARD = "gnu++14";
				CLANG_CXX_LIBRARY = "libc++";
				CLANG_ENABLE_MODULES = YES;
				CLANG_ENABLE_OBJC_ARC = YES;
				CLANG_ENABLE_OBJC_WEAK = YES;
				CLANG_WARN_BLOCK_CAPTURE_AUTORELEASING = YES;
				CLANG_WARN_BOOL_CONVERSION = YES;
				CLANG_WARN_COMMA = YES;
				CLANG_WARN_CONSTANT_CONVERSION = YES;
				CLANG_WARN_DEPRECATED_OBJC_IMPLEMENTATIONS = YES;
				CLANG_WARN_DIRECT_OBJC_ISA_USAGE = YES_ERROR;
				CLANG_WARN_DOCUMENTATION_COMMENTS = YES;
				CLANG_WARN_EMPTY_BODY = YES;
				CLANG_WARN_ENUM_CONVERSION = YES;
				CLANG_WARN_INFINITE_RECURSION = YES;
				CLANG_WARN_INT_CONVERSION = YES;
				CLANG_WARN_NON_LITERAL_NULL_CONVERSION = YES;
				CLANG_WARN_OBJC_IMPLICIT_RETAIN_SELF = YES;
				CLANG_WARN_OBJC_LITERAL_CONVERSION = YES;
				CLANG_WARN_OBJC_ROOT_CLASS = YES_ERROR;
				CLANG_WARN_QUOTED_INCLUDE_IN_FRAMEWORK_HEADER = YES;
				CLANG_WARN_RANGE_LOOP_ANALYSIS = YES;
				CLANG_WARN_STRICT_PROTOTYPES = YES;
				CLANG_WARN_SUSPICIOUS_MOVE = YES;
				CLANG_WARN_UNGUARDED_AVAILABILITY = YES_AGGRESSIVE;
				CLANG_WARN_UNREACHABLE_CODE = YES;
				CLANG_WARN__DUPLICATE_METHOD_MATCH = YES;
				COPY_PHASE_STRIP = NO;
				DEBUG_INFORMATION_FORMAT = dwarf;
				ENABLE_STRICT_OBJC_MSGSEND = YES;
				ENABLE_TESTABILITY = YES;
				GCC_C_LANGUAGE_STANDARD = gnu11;
				GCC_DYNAMIC_NO_PIC = NO;
				GCC_NO_COMMON_BLOCKS = YES;
				GCC_OPTIMIZATION_LEVEL = 0;
				GCC_PREPROCESSOR_DEFINITIONS = (
					"$(inherited)",
					"DEBUG=1",
				);
				GCC_WARN_64_TO_32_BIT_CONVERSION = YES;
				GCC_WARN_ABOUT_RETURN_TYPE = YES_ERROR;
				GCC_WARN_UNDECLARED_SELECTOR = YES;
				GCC_WARN_UNINITIALIZED_AUTOS = YES_AGGRESSIVE;
				GCC_WARN_UNUSED_FUNCTION = YES;
				GCC_WARN_UNUSED_VARIABLE = YES;
				MACOSX_DEPLOYMENT_TARGET = 26.0;
				MTL_ENABLE_DEBUG_INFO = INCLUDE_SOURCE;
				MTL_FAST_MATH = YES;
				ONLY_ACTIVE_ARCH = YES;
				PRODUCT_NAME = "$(TARGET_NAME)";
				SDKROOT = macosx;
				SWIFT_ACTIVE_COMPILATION_CONDITIONS = DEBUG;
				SWIFT_OPTIMIZATION_LEVEL = "-Onone";
				SWIFT_VERSION = 5.0;
			};
			name = Debug;
		};
		E2D28160550E1CF316474C7E /* Release */ = {
			isa = XCBuildConfiguration;
			buildSettings = {
				ASSETCATALOG_COMPILER_APPICON_NAME = AppIcon;
				CODE_SIGN_ENTITLEMENTS = Onyx/Onyx.entitlements;
				COMBINE_HIDPI_IMAGES = YES;
				CURRENT_PROJECT_VERSION = 1;
				ENABLE_HARDENED_RUNTIME = YES;
				GENERATE_INFOPLIST_FILE = YES;
				INFOPLIST_FILE = "";
				LD_RUNPATH_SEARCH_PATHS = (
					"$(inherited)",
					"@executable_path/../Frameworks",
				);
				MACOSX_DEPLOYMENT_TARGET = 26.0;
				MARKETING_VERSION = 0.1.0;
				PRODUCT_BUNDLE_IDENTIFIER = com.onyx.app;
				PRODUCT_NAME = Onyx;
				SDKROOT = macosx;
				SWIFT_OPTIMIZATION_LEVEL = "-O";
				SWIFT_STRICT_CONCURRENCY = minimal;
				SWIFT_VERSION = 6.0;
			};
			name = Release;
		};
/* End XCBuildConfiguration section */

/* Begin XCConfigurationList section */
		0A2ACEAA7E2F36634202B241 /* Build configuration list for PBXProject "Onyx" */ = {
			isa = XCConfigurationList;
			buildConfigurations = (
				DEB51EF5615CABC756F24ADD /* Debug */,
				A8521951AFD4AF6BDE351F27 /* Release */,
			);
			defaultConfigurationIsVisible = 0;
			defaultConfigurationName = Debug;
		};
		C126F7CB2B14EC196CE8743D /* Build configuration list for PBXNativeTarget "Onyx" */ = {
			isa = XCConfigurationList;
			buildConfigurations = (
				42021FACB216529C4EA156E9 /* Debug */,
				E2D28160550E1CF316474C7E /* Release */,
			);
			defaultConfigurationIsVisible = 0;
			defaultConfigurationName = Debug;
		};
/* End XCConfigurationList section */

/* Begin XCRemoteSwiftPackageReference section */
		2611B9BA99A5762BBCF638D9 /* XCRemoteSwiftPackageReference "GRDBQuery" */ = {
			isa = XCRemoteSwiftPackageReference;
			repositoryURL = "https://github.com/groue/GRDBQuery";
			requirement = {
				kind = upToNextMajorVersion;
				minimumVersion = 0.9.0;
			};
		};
		5356D96CD31D98C8B2CEABCC /* XCRemoteSwiftPackageReference "GRDB.swift" */ = {
			isa = XCRemoteSwiftPackageReference;
			repositoryURL = "https://github.com/groue/GRDB.swift";
			requirement = {
				kind = upToNextMajorVersion;
				minimumVersion = 7.0.0;
			};
		};
/* End XCRemoteSwiftPackageReference section */

/* Begin XCSwiftPackageProductDependency section */
		6F2D7723BD330EE8AA9F4DF7 /* GRDB */ = {
			isa = XCSwiftPackageProductDependency;
			package = 5356D96CD31D98C8B2CEABCC /* XCRemoteSwiftPackageReference "GRDB.swift" */;
			productName = GRDB;
		};
		9BA4B8644549D44A04E30F2F /* GRDBQuery */ = {
			isa = XCSwiftPackageProductDependency;
			package = 2611B9BA99A5762BBCF638D9 /* XCRemoteSwiftPackageReference "GRDBQuery" */;
			productName = GRDBQuery;
		};
/* End XCSwiftPackageProductDependency section */
	};
	rootObject = 32F5E88F3CF35AE8C0E00613 /* Project object */;
}
